
Microsoft Visual Studio Solution File, Format Version 12.00
# Visual Studio Version 16
VisualStudioVersion = 16.0.28803.352
MinimumVisualStudioVersion = 10.0.40219.1
Project("{FAE04EC0-301F-11D3-BF4B-00C04F79EFBC}") = "ContosoUniversity", "ContosoUniversity\ContosoUniversity.csproj", "{C7348C5A-1931-4152-8396-7D131DA64BD9}"
EndProject
Global
	GlobalSection(SolutionConfigurationPlatforms) = preSolution
		Debug|Any CPU = Debug|Any CPU
		Release|Any CPU = Release|Any CPU
	EndGlobalSection
	GlobalSection(ProjectConfigurationPlatforms) = postSolution
		{C7348C5A-1931-4152-8396-7D131DA64BD9}.Debug|Any CPU.ActiveCfg = Debug|Any CPU
		{C7348C5A-1931-4152-8396-7D131DA64BD9}.Debug|Any CPU.Build.0 = Debug|Any CPU
		{C7348C5A-1931-4152-8396-7D131DA64BD9}.Release|Any CPU.ActiveCfg = Release|Any CPU
		{C7348C5A-1931-4152-8396-7D131DA64BD9}.Release|Any CPU.Build.0 = Release|Any CPU
	EndGlobalSection
	GlobalSection(SolutionProperties) = preSolution
		HideSolutionNode = FALSE
	EndGlobalSection
	GlobalSection(ExtensibilityGlobals) = postSolution
		SolutionGuid = {2388BE0B-BA4C-4D09-84E5-B8764CD33F1D}
	EndGlobalSection
EndGlobal
